Microsoft Visual Studio Solution File, Format Version 12.00
# Visual Studio 2012
Project("{FAE04EC0-301F-11D3-BF4B-00C04F79EFBC}") = "Jelly Brain", "Jelly Brain.csproj", "{0AE30D0C-CBB0-4AFF-9D41-3962745D4897}"
EndProject
Global
	GlobalSection(SolutionConfigurationPlatforms) = preSolution
	Debug|Any CPU = Debug|Any CPU
	ExportDebug|Any CPU = ExportDebug|Any CPU
	ExportRelease|Any CPU = ExportRelease|Any CPU
	EndGlobalSection
	GlobalSection(ProjectConfigurationPlatforms) = postSolution
		{0AE30D0C-CBB0-4AFF-9D41-3962745D4897}.Debug|Any CPU.ActiveCfg = Debug|Any CPU
		{0AE30D0C-CBB0-4AFF-9D41-3962745D4897}.Debug|Any CPU.Build.0 = Debug|Any CPU
		{0AE30D0C-CBB0-4AFF-9D41-3962745D4897}.ExportDebug|Any CPU.ActiveCfg = ExportDebug|Any CPU
		{0AE30D0C-CBB0-4AFF-9D41-3962745D4897}.ExportDebug|Any CPU.Build.0 = ExportDebug|Any CPU
		{0AE30D0C-CBB0-4AFF-9D41-3962745D4897}.ExportRelease|Any CPU.ActiveCfg = ExportRelease|Any CPU
		{0AE30D0C-CBB0-4AFF-9D41-3962745D4897}.ExportRelease|Any CPU.Build.0 = ExportRelease|Any CPU
	EndGlobalSection
EndGlobal
